
Microsoft Visual Studio Solution File, Format Version 12.00
# Visual Studio 15
VisualStudioVersion = 15.0.26730.10
MinimumVisualStudioVersion = 10.0.40219.1
Project("{8BC9CEB8-8B4A-11D0-8D11-00A0C91BC942}") = "SDLWrapper", "SDLWrapper\SDLWrapper.vcxproj", "{16F456AA-24BF-42C2-85CB-57264B41E8C1}"
EndProject
Project("{FAE04EC0-301F-11D3-BF4B-00C04F79EFBC}") = "SoftRenderer", "SoftRenderer\SoftRenderer.csproj", "{F2BDD1E3-6500-44ED-B68A-C06D27B88460}"
EndProject
Global
	GlobalSection(SolutionConfigurationPlatforms) = preSolution
		Debug|Any CPU = Debug|Any CPU
		Debug|x64 = Debug|x64
		Release|Any CPU = Release|Any CPU
		Release|x64 = Release|x64
	EndGlobalSection
	GlobalSection(ProjectConfigurationPlatforms) = postSolution
		{16F456AA-24BF-42C2-85CB-57264B41E8C1}.Debug|Any CPU.ActiveCfg = Release|x64
		{16F456AA-24BF-42C2-85CB-57264B41E8C1}.Debug|Any CPU.Build.0 = Release|x64
		{16F456AA-24BF-42C2-85CB-57264B41E8C1}.Debug|x64.ActiveCfg = Release|x64
		{16F456AA-24BF-42C2-85CB-57264B41E8C1}.Debug|x64.Build.0 = Release|x64
		{16F456AA-24BF-42C2-85CB-57264B41E8C1}.Release|Any CPU.ActiveCfg = Release|x64
		{16F456AA-24BF-42C2-85CB-57264B41E8C1}.Release|x64.ActiveCfg = Release|x64
		{16F456AA-24BF-42C2-85CB-57264B41E8C1}.Release|x64.Build.0 = Release|x64
		{F2BDD1E3-6500-44ED-B68A-C06D27B88460}.Debug|Any CPU.ActiveCfg = Debug|Any CPU
		{F2BDD1E3-6500-44ED-B68A-C06D27B88460}.Debug|Any CPU.Build.0 = Debug|Any CPU
		{F2BDD1E3-6500-44ED-B68A-C06D27B88460}.Debug|x64.ActiveCfg = Debug|Any CPU
		{F2BDD1E3-6500-44ED-B68A-C06D27B88460}.Debug|x64.Build.0 = Debug|Any CPU
		{F2BDD1E3-6500-44ED-B68A-C06D27B88460}.Release|Any CPU.ActiveCfg = Release|Any CPU
		{F2BDD1E3-6500-44ED-B68A-C06D27B88460}.Release|Any CPU.Build.0 = Release|Any CPU
		{F2BDD1E3-6500-44ED-B68A-C06D27B88460}.Release|x64.ActiveCfg = Release|Any CPU
		{F2BDD1E3-6500-44ED-B68A-C06D27B88460}.Release|x64.Build.0 = Release|Any CPU
	EndGlobalSection
	GlobalSection(SolutionProperties) = preSolution
		HideSolutionNode = FALSE
	EndGlobalSection
	GlobalSection(ExtensibilityGlobals) = postSolution
		SolutionGuid = {341595CF-4B3F-4666-9AC1-0A4AAF501C8D}
	EndGlobalSection
EndGlobal
